
Microsoft Visual Studio Solution File, Format Version 12.00
# Visual Studio Version 17
VisualStudioVersion = 17.1.32421.90
MinimumVisualStudioVersion = 10.0.40219.1
Project("{FAE04EC0-301F-11D3-BF4B-00C04F79EFBC}") = "LandingPageVarejo.API", "LandingPageVarejo.API\LandingPageVarejo.API.csproj", "{3DB0D272-789A-4920-ACFC-2F92CCDDA94D}"
EndProject
Global
	GlobalSection(SolutionConfigurationPlatforms) = preSolution
		Debug|Any CPU = Debug|Any CPU
		Release|Any CPU = Release|Any CPU
	EndGlobalSection
	GlobalSection(ProjectConfigurationPlatforms) = postSolution
		{3DB0D272-789A-4920-ACFC-2F92CCDDA94D}.Debug|Any CPU.ActiveCfg = Debug|Any CPU
		{3DB0D272-789A-4920-ACFC-2F92CCDDA94D}.Debug|Any CPU.Build.0 = Debug|Any CPU
		{3DB0D272-789A-4920-ACFC-2F92CCDDA94D}.Release|Any CPU.ActiveCfg = Release|Any CPU
		{3DB0D272-789A-4920-ACFC-2F92CCDDA94D}.Release|Any CPU.Build.0 = Release|Any CPU
	EndGlobalSection
	GlobalSection(SolutionProperties) = preSolution
		HideSolutionNode = FALSE
	EndGlobalSection
	GlobalSection(ExtensibilityGlobals) = postSolution
		SolutionGuid = {A2034198-DACA-4DA4-81A3-7FEB56BBEFA5}
	EndGlobalSection
EndGlobal
